// !$*UTF8*$!
{
	archiveVersion = 1;
	classes = {
	};
	objectVersion = 55;
	objects = {

/* Begin PBXBuildFile section */
		8231BA1127EE97EA00F09C76 /* AppDelegate.swift in Sources */ = {isa = PBXBuildFile; fileRef = 8231BA1027EE97EA00F09C76 /* AppDelegate.swift */; };
		8231BA1327EE97EA00F09C76 /* SceneDelegate.swift in Sources */ = {isa = PBXBuildFile; fileRef = 8231BA1227EE97EA00F09C76 /* SceneDelegate.swift */; };
		8231BA1527EE97EA00F09C76 /* ViewController.swift in Sources */ = {isa = PBXBuildFile; fileRef = 8231BA1427EE97EA00F09C76 /* ViewController.swift */; };
		8231BA1827EE97EA00F09C76 /* Main.storyboard in Resources */ = {isa = PBXBuildFile; fileRef = 8231BA1627EE97EA00F09C76 /* Main.storyboard */; };
		8231BA1A27EE97EE00F09C76 /* Assets.xcassets in Resources */ = {isa = PBXBuildFile; fileRef = 8231BA1927EE97EE00F09C76 /* Assets.xcassets */; };
		8231BA1D27EE97EE00F09C76 /* LaunchScreen.storyboard in Resources */ = {isa = PBXBuildFile; fileRef = 8231BA1B27EE97EE00F09C76 /* LaunchScreen.storyboard */; };
		8231BA2C27EE996200F09C76 /* Localizable.strings in Resources */ = {isa = PBXBuildFile; fileRef = 8231BA2E27EE996200F09C76 /* Localizable.strings */; };
/* End PBXBuildFile section */

/* Begin PBXFileReference section */
		8231BA0D27EE97EA00F09C76 /* MultipleLanguage.app */ = {isa = PBXFileReference; explicitFileType = wrapper.application; includeInIndex = 0; path = MultipleLanguage.app; sourceTree = BUILT_PRODUCTS_DIR; };
		8231BA1027EE97EA00F09C76 /* AppDelegate.swift */ = {isa = PBXFileReference; lastKnownFileType = sourcecode.swift; path = AppDelegate.swift; sourceTree = "<group>"; };
		8231BA1227EE97EA00F09C76 /* SceneDelegate.swift */ = {isa = PBXFileReference; lastKnownFileType = sourcecode.swift; path = SceneDelegate.swift; sourceTree = "<group>"; };
		8231BA1427EE97EA00F09C76 /* ViewController.swift */ = {isa = PBXFileReference; lastKnownFileType = sourcecode.swift; path = ViewController.swift; sourceTree = "<group>"; };
		8231BA1727EE97EA00F09C76 /* Base */ = {isa = PBXFileReference; lastKnownFileType = file.storyboard; name = Base; path = Base.lproj/Main.storyboard; sourceTree = "<group>"; };
		8231BA1927EE97EE00F09C76 /* Assets.xcassets */ = {isa = PBXFileReference; lastKnownFileType = folder.assetcatalog; path = Assets.xcassets; sourceTree = "<group>"; };
		8231BA1C27EE97EE00F09C76 /* Base */ = {isa = PBXFileReference; lastKnownFileType = file.storyboard; name = Base; path = Base.lproj/LaunchScreen.storyboard; sourceTree = "<group>"; };
		8231BA1E27EE97EE00F09C76 /* Info.plist */ = {isa = PBXFileReference; lastKnownFileType = text.plist.xml; path = Info.plist; sourceTree = "<group>"; };
		8231BA2D27EE996200F09C76 /* en */ = {isa = PBXFileReference; lastKnownFileType = text.plist.strings; name = en; path = en.lproj/Localizable.strings; sourceTree = "<group>"; };
		8231BA3327EE9C0E00F09C76 /* ar */ = {isa = PBXFileReference; lastKnownFileType = text.plist.strings; name = ar; path = ar.lproj/Main.strings; sourceTree = "<group>"; };
		8231BA3427EE9C0E00F09C76 /* ar */ = {isa = PBXFileReference; lastKnownFileType = text.plist.strings; name = ar; path = ar.lproj/LaunchScreen.strings; sourceTree = "<group>"; };
		8231BA3527EE9C1700F09C76 /* de */ = {isa = PBXFileReference; lastKnownFileType = text.plist.strings; name = de; path = de.lproj/Main.strings; sourceTree = "<group>"; };
		8231BA3627EE9C1700F09C76 /* de */ = {isa = PBXFileReference; lastKnownFileType = text.plist.strings; name = de; path = de.lproj/LaunchScreen.strings; sourceTree = "<group>"; };
		8231BA3827EE9C2800F09C76 /* ar */ = {isa = PBXFileReference; lastKnownFileType = text.plist.strings; name = ar; path = ar.lproj/Localizable.strings; sourceTree = "<group>"; };
		8231BA3927EE9C2B00F09C76 /* de */ = {isa = PBXFileReference; lastKnownFileType = text.plist.strings; name = de; path = de.lproj/Localizable.strings; sourceTree = "<group>"; };
/* End PBXFileReference section */

/* Begin PBXFrameworksBuildPhase section */
		8231BA0A27EE97EA00F09C76 /* Frameworks */ = {
			isa = PBXFrameworksBuildPhase;
			buildActionMask = 2147483647;
			files = (
			);
			runOnlyForDeploymentPostprocessing = 0;
		};
/* End PBXFrameworksBuildPhase section */

/* Begin PBXGroup section */
		8231BA0427EE97EA00F09C76 = {
			isa = PBXGroup;
			children = (
				8231BA0F27EE97EA00F09C76 /* MultipleLanguage */,
				8231BA0E27EE97EA00F09C76 /* Products */,
			);
			sourceTree = "<group>";
		};
		8231BA0E27EE97EA00F09C76 /* Products */ = {
			isa = PBXGroup;
			children = (
				8231BA0D27EE97EA00F09C76 /* MultipleLanguage.app */,
			);
			name = Products;
			sourceTree = "<group>";
		};
		8231BA0F27EE97EA00F09C76 /* MultipleLanguage */ = {
			isa = PBXGroup;
			children = (
				8231BA1027EE97EA00F09C76 /* AppDelegate.swift */,
				8231BA1227EE97EA00F09C76 /* SceneDelegate.swift */,
				8231BA1427EE97EA00F09C76 /* ViewController.swift */,
				8231BA1627EE97EA00F09C76 /* Main.storyboard */,
				8231BA1927EE97EE00F09C76 /* Assets.xcassets */,
				8231BA1B27EE97EE00F09C76 /* LaunchScreen.storyboard */,
				8231BA1E27EE97EE00F09C76 /* Info.plist */,
				8231BA2E27EE996200F09C76 /* Localizable.strings */,
			);
			path = MultipleLanguage;
			sourceTree = "<group>";
		};
/* End PBXGroup section */

/* Begin PBXNativeTarget section */
		8231BA0C27EE97EA00F09C76 /* MultipleLanguage */ = {
			isa = PBXNativeTarget;
			buildConfigurationList = 8231BA2127EE97EE00F09C76 /* Build configuration list for PBXNativeTarget "MultipleLanguage" */;
			buildPhases = (
				8231BA0927EE97EA00F09C76 /* Sources */,
				8231BA0A27EE97EA00F09C76 /* Frameworks */,
				8231BA0B27EE97EA00F09C76 /* Resources */,
			);
			buildRules = (
			);
			dependencies = (
			);
			name = MultipleLanguage;
			productName = MultipleLanguage;
			productReference = 8231BA0D27EE97EA00F09C76 /* MultipleLanguage.app */;
			productType = "com.apple.product-type.application";
		};
/* End PBXNativeTarget section */

/* Begin PBXProject section */
		8231BA0527EE97EA00F09C76 /* Project object */ = {
			isa = PBXProject;
			attributes = {
				BuildIndependentTargetsInParallel = 1;
				LastSwiftUpdateCheck = 1330;
				LastUpgradeCheck = 1330;
				TargetAttributes = {
					8231BA0C27EE97EA00F09C76 = {
						CreatedOnToolsVersion = 13.3;
					};
				};
			};
			buildConfigurationList = 8231BA0827EE97EA00F09C76 /* Build configuration list for PBXProject "MultipleLanguage" */;
			compatibilityVersion = "Xcode 13.0";
			developmentRegion = en;
			hasScannedForEncodings = 0;
			knownRegions = (
				en,
				Base,
				ar,
				de,
			);
			mainGroup = 8231BA0427EE97EA00F09C76;
			productRefGroup = 8231BA0E27EE97EA00F09C76 /* Products */;
			projectDirPath = "";
			projectRoot = "";
			targets = (
				8231BA0C27EE97EA00F09C76 /* MultipleLanguage */,
			);
		};
/* End PBXProject section */

/* Begin PBXResourcesBuildPhase section */
		8231BA0B27EE97EA00F09C76 /* Resources */ = {
			isa = PBXResourcesBuildPhase;
			buildActionMask = 2147483647;
			files = (
				8231BA1D27EE97EE00F09C76 /* LaunchScreen.storyboard in Resources */,
				8231BA2C27EE996200F09C76 /* Localizable.strings in Resources */,
				8231BA1A27EE97EE00F09C76 /* Assets.xcassets in Resources */,
				8231BA1827EE97EA00F09C76 /* Main.storyboard in Resources */,
			);
			runOnlyForDeploymentPostprocessing = 0;
		};
/* End PBXResourcesBuildPhase section */

/* Begin PBXSourcesBuildPhase section */
		8231BA0927EE97EA00F09C76 /* Sources */ = {
			isa = PBXSourcesBuildPhase;
			buildActionMask = 2147483647;
			files = (
				8231BA1527EE97EA00F09C76 /* ViewController.swift in Sources */,
				8231BA1127EE97EA00F09C76 /* AppDelegate.swift in Sources */,
				8231BA1327EE97EA00F09C76 /* SceneDelegate.swift in Sources */,
			);
			runOnlyForDeploymentPostprocessing = 0;
		};
/* End PBXSourcesBuildPhase section */

/* Begin PBXVariantGroup section */
		8231BA1627EE97EA00F09C76 /* Main.storyboard */ = {
			isa = PBXVariantGroup;
			children = (
				8231BA1727EE97EA00F09C76 /* Base */,
				8231BA3327EE9C0E00F09C76 /* ar */,
				8231BA3527EE9C1700F09C76 /* de */,
			);
			name = Main.storyboard;
			sourceTree = "<group>";
		};
		8231BA1B27EE97EE00F09C76 /* LaunchScreen.storyboard */ = {
			isa = PBXVariantGroup;
			children = (
				8231BA1C27EE97EE00F09C76 /* Base */,
				8231BA3427EE9C0E00F09C76 /* ar */,
				8231BA3627EE9C1700F09C76 /* de */,
			);
			name = LaunchScreen.storyboard;
			sourceTree = "<group>";
		};
		8231BA2E27EE996200F09C76 /* Localizable.strings */ = {
			isa = PBXVariantGroup;
			children = (
				8231BA2D27EE996200F09C76 /* en */,
				8231BA3827EE9C2800F09C76 /* ar */,
				8231BA3927EE9C2B00F09C76 /* de */,
			);
			name = Localizable.strings;
			sourceTree = "<group>";
		};
/* End PBXVariantGroup section */

/* Begin XCBuildConfiguration section */
		8231BA1F27EE97EE00F09C76 /* Debug */ = {
			isa = XCBuildConfiguration;
			buildSettings = {
				ALWAYS_SEARCH_USER_PATHS = NO;
				CLANG_ANALYZER_LOCALIZABILITY_NONLOCALIZED = YES;
				CLANG_ANALYZER_NONNULL = YES;
				CLANG_ANALYZER_NUMBER_OBJECT_CONVERSION = YES_AGGRESSIVE;
				CLANG_CXX_LANGUAGE_STANDARD = "gnu++17";
				CLANG_ENABLE_MODULES = YES;
				CLANG_ENABLE_OBJC_ARC = YES;
				CLANG_ENABLE_OBJC_WEAK = YES;
				CLANG_WARN_BLOCK_CAPTURE_AUTORELEASING = YES;
				CLANG_WARN_BOOL_CONVERSION = YES;
				CLANG_WARN_COMMA = YES;
				CLANG_WARN_CONSTANT_CONVERSION = YES;
				CLANG_WARN_DEPRECATED_OBJC_IMPLEMENTATIONS = YES;
				CLANG_WARN_DIRECT_OBJC_ISA_USAGE = YES_ERROR;
				CLANG_WARN_DOCUMENTATION_COMMENTS = YES;
				CLANG_WARN_EMPTY_BODY = YES;
				CLANG_WARN_ENUM_CONVERSION = YES;
				CLANG_WARN_INFINITE_RECURSION = YES;
				CLANG_WARN_INT_CONVERSION = YES;
				CLANG_WARN_NON_LITERAL_NULL_CONVERSION = YES;
				CLANG_WARN_OBJC_IMPLICIT_RETAIN_SELF = YES;
				CLANG_WARN_OBJC_LITERAL_CONVERSION = YES;
				CLANG_WARN_OBJC_ROOT_CLASS = YES_ERROR;
				CLANG_WARN_QUOTED_INCLUDE_IN_FRAMEWORK_HEADER = YES;
				CLANG_WARN_RANGE_LOOP_ANALYSIS = YES;
				CLANG_WARN_STRICT_PROTOTYPES = YES;
				CLANG_WARN_SUSPICIOUS_MOVE = YES;
				CLANG_WARN_UNGUARDED_AVAILABILITY = YES_AGGRESSIVE;
				CLANG_WARN_UNREACHABLE_CODE = YES;
				CLANG_WARN__DUPLICATE_METHOD_MATCH = YES;
				COPY_PHASE_STRIP = NO;
				DEBUG_INFORMATION_FORMAT = dwarf;
				ENABLE_STRICT_OBJC_MSGSEND = YES;
				ENABLE_TESTABILITY = YES;
				GCC_C_LANGUAGE_STANDARD = gnu11;
				GCC_DYNAMIC_NO_PIC = NO;
				GCC_NO_COMMON_BLOCKS = YES;
				GCC_OPTIMIZATION_LEVEL = 0;
				GCC_PREPROCESSOR_DEFINITIONS = (
					"DEBUG=1",
					"$(inherited)",
				);
				GCC_WARN_64_TO_32_BIT_CONVERSION = YES;
				GCC_WARN_ABOUT_RETURN_TYPE = YES_ERROR;
				GCC_WARN_UNDECLARED_SELECTOR = YES;
				GCC_WARN_UNINITIALIZED_AUTOS = YES_AGGRESSIVE;
				GCC_WARN_UNUSED_FUNCTION = YES;
				GCC_WARN_UNUSED_VARIABLE = YES;
				IPHONEOS_DEPLOYMENT_TARGET = 15.4;
				MTL_ENABLE_DEBUG_INFO = INCLUDE_SOURCE;
				MTL_FAST_MATH = YES;
				ONLY_ACTIVE_ARCH = YES;
				SDKROOT = iphoneos;
				SWIFT_ACTIVE_COMPILATION_CONDITIONS = DEBUG;
				SWIFT_OPTIMIZATION_LEVEL = "-Onone";
			};
			name = Debug;
		};
		8231BA2027EE97EE00F09C76 /* Release */ = {
			isa = XCBuildConfiguration;
			buildSettings = {
				ALWAYS_SEARCH_USER_PATHS = NO;
				CLANG_ANALYZER_LOCALIZABILITY_NONLOCALIZED = YES;
				CLANG_ANALYZER_NONNULL = YES;
				CLANG_ANALYZER_NUMBER_OBJECT_CONVERSION = YES_AGGRESSIVE;
				CLANG_CXX_LANGUAGE_STANDARD = "gnu++17";
				CLANG_ENABLE_MODULES = YES;
				CLANG_ENABLE_OBJC_ARC = YES;
				CLANG_ENABLE_OBJC_WEAK = YES;
				CLANG_WARN_BLOCK_CAPTURE_AUTORELEASING = YES;
				CLANG_WARN_BOOL_CONVERSION = YES;
				CLANG_WARN_COMMA = YES;
				CLANG_WARN_CONSTANT_CONVERSION = YES;
				CLANG_WARN_DEPRECATED_OBJC_IMPLEMENTATIONS = YES;
				CLANG_WARN_DIRECT_OBJC_ISA_USAGE = YES_ERROR;
				CLANG_WARN_DOCUMENTATION_COMMENTS = YES;
				CLANG_WARN_EMPTY_BODY = YES;
				CLANG_WARN_ENUM_CONVERSION = YES;
				CLANG_WARN_INFINITE_RECURSION = YES;
				CLANG_WARN_INT_CONVERSION = YES;
				CLANG_WARN_NON_LITERAL_NULL_CONVERSION = YES;
				CLANG_WARN_OBJC_IMPLICIT_RETAIN_SELF = YES;
				CLANG_WARN_OBJC_LITERAL_CONVERSION = YES;
				CLANG_WARN_OBJC_ROOT_CLASS = YES_ERROR;
				CLANG_WARN_QUOTED_INCLUDE_IN_FRAMEWORK_HEADER = YES;
				CLANG_WARN_RANGE_LOOP_ANALYSIS = YES;
				CLANG_WARN_STRICT_PROTOTYPES = YES;
				CLANG_WARN_SUSPICIOUS_MOVE = YES;
				CLANG_WARN_UNGUARDED_AVAILABILITY = YES_AGGRESSIVE;
				CLANG_WARN_UNREACHABLE_CODE = YES;
				CLANG_WARN__DUPLICATE_METHOD_MATCH = YES;
				COPY_PHASE_STRIP = NO;
				DEBUG_INFORMATION_FORMAT = "dwarf-with-dsym";
				ENABLE_NS_ASSERTIONS = NO;
				ENABLE_STRICT_OBJC_MSGSEND = YES;
				GCC_C_LANGUAGE_STANDARD = gnu11;
				GCC_NO_COMMON_BLOCKS = YES;
				GCC_WARN_64_TO_32_BIT_CONVERSION = YES;
				GCC_WARN_ABOUT_RETURN_TYPE = YES_ERROR;
				GCC_WARN_UNDECLARED_SELECTOR = YES;
				GCC_WARN_UNINITIALIZED_AUTOS = YES_AGGRESSIVE;
				GCC_WARN_UNUSED_FUNCTION = YES;
				GCC_WARN_UNUSED_VARIABLE = YES;
				IPHONEOS_DEPLOYMENT_TARGET = 15.4;
				MTL_ENABLE_DEBUG_INFO = NO;
				MTL_FAST_MATH = YES;
				SDKROOT = iphoneos;
				SWIFT_COMPILATION_MODE = wholemodule;
				SWIFT_OPTIMIZATION_LEVEL = "-O";
				VALIDATE_PRODUCT = YES;
			};
			name = Release;
		};
		8231BA2227EE97EE00F09C76 /* Debug */ = {
			isa = XCBuildConfiguration;
			buildSettings = {
				ASSETCATALOG_COMPILER_APPICON_NAME = AppIcon;
				ASSETCATALOG_COMPILER_GLOBAL_ACCENT_COLOR_NAME = AccentColor;
				CODE_SIGN_STYLE = Automatic;
				CURRENT_PROJECT_VERSION = 1;
				DEVELOPMENT_TEAM = 6NF8WBZNUP;
				GENERATE_INFOPLIST_FILE = YES;
				INFOPLIST_FILE = MultipleLanguage/Info.plist;
				INFOPLIST_KEY_UIApplicationSupportsIndirectInputEvents = YES;
				INFOPLIST_KEY_UILaunchStoryboardName = LaunchScreen;
				INFOPLIST_KEY_UIMainStoryboardFile = Main;
				INFOPLIST_KEY_UISupportedInterfaceOrientations_iPad = "UIInterfaceOrientationPortrait UIInterfaceOrientationPortraitUpsideDown UIInterfaceOrientationLandscapeLeft UIInterfaceOrientationLandscapeRight";
				INFOPLIST_KEY_UISupportedInterfaceOrientations_iPhone = "UIInterfaceOrientationPortrait UIInterfaceOrientationLandscapeLeft UIInterfaceOrientationLandscapeRight";
				LD_RUNPATH_SEARCH_PATHS = (
					"$(inherited)",
					"@executable_path/Frameworks",
				);
				MARKETING_VERSION = 1.0;
				PRODUCT_BUNDLE_IDENTIFIER = com.miab.multiplelanguage.MultipleLanguage;
				PRODUCT_NAME = "$(TARGET_NAME)";
				SWIFT_EMIT_LOC_STRINGS = YES;
				SWIFT_VERSION = 5.0;
				TARGETED_DEVICE_FAMILY = "1,2";
			};
			name = Debug;
		};
		8231BA2327EE97EE00F09C76 /* Release */ = {
			isa = XCBuildConfiguration;
			buildSettings = {
				ASSETCATALOG_COMPILER_APPICON_NAME = AppIcon;
				ASSETCATALOG_COMPILER_GLOBAL_ACCENT_COLOR_NAME = AccentColor;
				CODE_SIGN_STYLE = Automatic;
				CURRENT_PROJECT_VERSION = 1;
				DEVELOPMENT_TEAM = 6NF8WBZNUP;
				GENERATE_INFOPLIST_FILE = YES;
				INFOPLIST_FILE = MultipleLanguage/Info.plist;
				INFOPLIST_KEY_UIApplicationSupportsIndirectInputEvents = YES;
				INFOPLIST_KEY_UILaunchStoryboardName = LaunchScreen;
				INFOPLIST_KEY_UIMainStoryboardFile = Main;
				INFOPLIST_KEY_UISupportedInterfaceOrientations_iPad = "UIInterfaceOrientationPortrait UIInterfaceOrientationPortraitUpsideDown UIInterfaceOrientationLandscapeLeft UIInterfaceOrientationLandscapeRight";
				INFOPLIST_KEY_UISupportedInterfaceOrientations_iPhone = "UIInterfaceOrientationPortrait UIInterfaceOrientationLandscapeLeft UIInterfaceOrientationLandscapeRight";
				LD_RUNPATH_SEARCH_PATHS = (
					"$(inherited)",
					"@executable_path/Frameworks",
				);
				MARKETING_VERSION = 1.0;
				PRODUCT_BUNDLE_IDENTIFIER = com.miab.multiplelanguage.MultipleLanguage;
				PRODUCT_NAME = "$(TARGET_NAME)";
				SWIFT_EMIT_LOC_STRINGS = YES;
				SWIFT_VERSION = 5.0;
				TARGETED_DEVICE_FAMILY = "1,2";
			};
			name = Release;
		};
/* End XCBuildConfiguration section */

/* Begin XCConfigurationList section */
		8231BA0827EE97EA00F09C76 /* Build configuration list for PBXProject "MultipleLanguage" */ = {
			isa = XCConfigurationList;
			buildConfigurations = (
				8231BA1F27EE97EE00F09C76 /* Debug */,
				8231BA2027EE97EE00F09C76 /* Release */,
			);
			defaultConfigurationIsVisible = 0;
			defaultConfigurationName = Release;
		};
		8231BA2127EE97EE00F09C76 /* Build configuration list for PBXNativeTarget "MultipleLanguage" */ = {
			isa = XCConfigurationList;
			buildConfigurations = (
				8231BA2227EE97EE00F09C76 /* Debug */,
				8231BA2327EE97EE00F09C76 /* Release */,
			);
			defaultConfigurationIsVisible = 0;
			defaultConfigurationName = Release;
		};
/* End XCConfigurationList section */
	};
	rootObject = 8231BA0527EE97EA00F09C76 /* Project object */;
}
